
Microsoft Visual Studio Solution File, Format Version 12.00
# Visual Studio Version 17
VisualStudioVersion = 17.11.35303.130
MinimumVisualStudioVersion = 10.0.40219.1
Project("{2150E333-8FDC-42A3-9474-1A3956D46DE8}") = "Task0", "Task0", "{BF44CD36-B500-4A40-A004-085302CEA5F9}"
EndProject
Project("{9A19103F-16F7-4668-BE54-9A1E7A4F7556}") = "Tyuiu.FrankoVA.Sprint4.Task0.V28", "Tyuiu.FrankoVA.Sprint4.Task0.V28\Tyuiu.FrankoVA.Sprint4.Task0.V28.csproj", "{BAED5A22-A53A-495F-85CD-AA9E8ABF35CA}"
EndProject
Project("{9A19103F-16F7-4668-BE54-9A1E7A4F7556}") = "Tyuiu.FrankoVA.Sprint4.Task0.V28.Test", "Tyuiu.FrankoVA.Sprint4.Task0.V28.Test\Tyuiu.FrankoVA.Sprint4.Task0.V28.Test.csproj", "{1FE5B391-2640-4FD1-9D74-4C114962EF8B}"
EndProject
Project("{9A19103F-16F7-4668-BE54-9A1E7A4F7556}") = "Tyuiu.FrankoVA.Sprint4.Task0.V28.Lib", "Tyuiu.FrankoVA.Sprint4.Task0.V28.Lib\Tyuiu.FrankoVA.Sprint4.Task0.V28.Lib.csproj", "{FABBEB07-716C-4238-B2A2-4FDA64315DC8}"
EndProject
Project("{2150E333-8FDC-42A3-9474-1A3956D46DE8}") = "Task1", "Task1", "{A012C111-BD21-4D74-B1B4-6FD717D09880}"
EndProject
Project("{9A19103F-16F7-4668-BE54-9A1E7A4F7556}") = "Tyuiu.FrankoVA.Sprint4.Task1.V14", "Tyuiu.FrankoVA.Sprint4.Task1.V14\Tyuiu.FrankoVA.Sprint4.Task1.V14.csproj", "{0D3AA942-29C3-4BEE-86DF-D52A979AE6C7}"
EndProject
Project("{9A19103F-16F7-4668-BE54-9A1E7A4F7556}") = "Tyuiu.FrankoVA.Sprint4.Task1.V14.Lib", "Tyuiu.FrankoVA.Sprint4.Task1.V14.Lib\Tyuiu.FrankoVA.Sprint4.Task1.V14.Lib.csproj", "{685C17CD-E82F-4AA8-85BB-437230DA9CB5}"
EndProject
Project("{9A19103F-16F7-4668-BE54-9A1E7A4F7556}") = "Tyuiu.FrankoVA.Sprint4.Task1.V14.Test", "Tyuiu.FrankoVA.Sprint4.Task1.V14.Test\Tyuiu.FrankoVA.Sprint4.Task1.V14.Test.csproj", "{87BFF507-B39E-4568-A368-36FC7795F50F}"
EndProject
Project("{2150E333-8FDC-42A3-9474-1A3956D46DE8}") = "Task2", "Task2", "{FB3BA272-A2A2-4E8C-93A6-3CE0F9889B1C}"
EndProject
Project("{9A19103F-16F7-4668-BE54-9A1E7A4F7556}") = "Tyuiu.FrankoVA.Sprint4.Task2.V10", "Tyuiu.FrankoVA.Sprint4.Task2.V10\Tyuiu.FrankoVA.Sprint4.Task2.V10.csproj", "{12BA3B7F-4678-4E84-B009-CADD7E58F417}"
EndProject
Project("{9A19103F-16F7-4668-BE54-9A1E7A4F7556}") = "Tyuiu.FrankoVA.Sprint4.Task2.V10.Test", "Tyuiu.FrankoVA.Sprint4.Task2.V10.Test\Tyuiu.FrankoVA.Sprint4.Task2.V10.Test.csproj", "{27040ED3-A9A3-4A93-93BC-1ECEB6098B32}"
EndProject
Project("{9A19103F-16F7-4668-BE54-9A1E7A4F7556}") = "Tyuiu.FrankoVA.Sprint4.Task2.V10.Lib", "Tyuiu.FrankoVA.Sprint4.Task2.V10.Lib\Tyuiu.FrankoVA.Sprint4.Task2.V10.Lib.csproj", "{E9309757-87E4-479E-ABA7-92E52354A1B7}"
EndProject
Project("{2150E333-8FDC-42A3-9474-1A3956D46DE8}") = "Task3", "Task3", "{8C805888-8B57-43E8-940C-70E3878426FD}"
EndProject
Project("{9A19103F-16F7-4668-BE54-9A1E7A4F7556}") = "Tyuiu.FrankoVA.Sprint4.Task3.V20", "Tyuiu.FrankoVA.Sprint4.Task3.V20\Tyuiu.FrankoVA.Sprint4.Task3.V20.csproj", "{8B922321-A1C5-49D0-89EB-7EB3DC2ADED3}"
EndProject
Project("{9A19103F-16F7-4668-BE54-9A1E7A4F7556}") = "Tyuiu.FrankoVA.Sprint4.Task3.V20.Lib", "Tyuiu.FrankoVA.Sprint4.Task3.V20.Lib\Tyuiu.FrankoVA.Sprint4.Task3.V20.Lib.csproj", "{802650E9-A9E5-48BC-9893-40E324E30B0F}"
EndProject
Project("{9A19103F-16F7-4668-BE54-9A1E7A4F7556}") = "Tyuiu.FrankoVA.Sprint4.Task3.V20.Test", "Tyuiu.FrankoVA.Sprint4.Task3.V20.Test\Tyuiu.FrankoVA.Sprint4.Task3.V20.Test.csproj", "{8A17429C-EDE2-48BE-BE09-AEAC9362541A}"
EndProject
Project("{2150E333-8FDC-42A3-9474-1A3956D46DE8}") = "Task4", "Task4", "{B08568AD-1CA1-4173-8694-BB93774B193E}"
EndProject
Project("{9A19103F-16F7-4668-BE54-9A1E7A4F7556}") = "Tyuiu.FrankoVA.Sprint4.Task4.V23", "Tyuiu.FrankoVA.Sprint4.Task4.V23\Tyuiu.FrankoVA.Sprint4.Task4.V23.csproj", "{C5E700C4-832B-451F-80A0-92636D119C43}"
EndProject
Project("{9A19103F-16F7-4668-BE54-9A1E7A4F7556}") = "Tyuiu.FrankoVA.Sprint4.Task4.V23.Test", "Tyuiu.FrankoVA.Sprint4.Task4.V23.Test\Tyuiu.FrankoVA.Sprint4.Task4.V23.Test.csproj", "{5EE0A724-D1BB-4147-8C20-4D5A2E751FB2}"
EndProject
Project("{9A19103F-16F7-4668-BE54-9A1E7A4F7556}") = "Tyuiu.FrankoVA.Sprint4.Task4.V23.Lib", "Tyuiu.FrankoVA.Sprint4.Task4.V23.Lib\Tyuiu.FrankoVA.Sprint4.Task4.V23.Lib.csproj", "{ED6EAEC7-AAD0-4AD1-ADE0-74F6E43D779E}"
EndProject
Project("{2150E333-8FDC-42A3-9474-1A3956D46DE8}") = "Task5", "Task5", "{F53C7DB1-0B95-43DB-A6E8-A3935078E283}"
EndProject
Project("{9A19103F-16F7-4668-BE54-9A1E7A4F7556}") = "Tyuiu.FrankoVA.Sprint4.Task5.V19", "Tyuiu.FrankoVA.Sprint4.Task5.V19\Tyuiu.FrankoVA.Sprint4.Task5.V19.csproj", "{CEB98352-DA15-4D96-B84F-54EF7419C2F8}"
EndProject
Project("{9A19103F-16F7-4668-BE54-9A1E7A4F7556}") = "Tyuiu.FrankoVA.Sprint4.Task5.V19.Lib", "Tyuiu.FrankoVA.Sprint4.Task5.V19.Lib\Tyuiu.FrankoVA.Sprint4.Task5.V19.Lib.csproj", "{9FC7F8A3-32CC-4A7C-B30B-F6F7BC38AB5B}"
EndProject
Project("{9A19103F-16F7-4668-BE54-9A1E7A4F7556}") = "Tyuiu.FrankoVA.Sprint4.Task5.V19.Test", "Tyuiu.FrankoVA.Sprint4.Task5.V19.Test\Tyuiu.FrankoVA.Sprint4.Task5.V19.Test.csproj", "{11AD00DD-195A-423A-98FF-C42A4DF0E442}"
EndProject
Project("{2150E333-8FDC-42A3-9474-1A3956D46DE8}") = "Task6", "Task6", "{7D7876EA-6EAD-4416-9393-8BA4C8F88EB6}"
EndProject
Project("{FAE04EC0-301F-11D3-BF4B-00C04F79EFBC}") = "Tyuiu.FrankoVA.Sprint4.Task6.V30", "Tyuiu.FrankoVA.Sprint4.Task6.V30\Tyuiu.FrankoVA.Sprint4.Task6.V30.csproj", "{426EDB16-47E0-460F-B483-CB3EF3519747}"
EndProject
Project("{FAE04EC0-301F-11D3-BF4B-00C04F79EFBC}") = "Tyuiu.FrankoVA.Sprint4.Task6.V30.Test", "Tyuiu.FrankoVA.Sprint4.Task6.V30.Test\Tyuiu.FrankoVA.Sprint4.Task6.V30.Test.csproj", "{36EBBA4E-3E1A-4805-9FC3-8C93951EBA18}"
EndProject
Project("{FAE04EC0-301F-11D3-BF4B-00C04F79EFBC}") = "Tyuiu.FrankoVA.Sprint4.Task6.V30.Lib", "Tyuiu.FrankoVA.Sprint4.Task6.V30.Lib\Tyuiu.FrankoVA.Sprint4.Task6.V30.Lib.csproj", "{E86668A2-240A-42E8-AD1E-8886563316AE}"
EndProject
Project("{2150E333-8FDC-42A3-9474-1A3956D46DE8}") = "Task7", "Task7", "{B8A05BD8-F61A-40F2-8136-D66297B62C71}"
EndProject
Project("{FAE04EC0-301F-11D3-BF4B-00C04F79EFBC}") = "Tyuiu.FrankoVA.Sprint4.Task7.V20", "Tyuiu.FrankoVA.Sprint4.Task7.V20\Tyuiu.FrankoVA.Sprint4.Task7.V20.csproj", "{65E0FBA4-17F0-4669-81D9-1A99F77711B3}"
EndProject
Project("{FAE04EC0-301F-11D3-BF4B-00C04F79EFBC}") = "Tyuiu.FrankoVA.Sprint4.Task7.V20.Lib", "Tyuiu.FrankoVA.Sprint4.Task7.V20.Lib\Tyuiu.FrankoVA.Sprint4.Task7.V20.Lib.csproj", "{C61649E0-C1D9-4999-A4C5-DF9FDBC64EB6}"
EndProject
Project("{FAE04EC0-301F-11D3-BF4B-00C04F79EFBC}") = "Tyuiu.FrankoVA.Sprint4.Task7.V20.Test", "Tyuiu.FrankoVA.Sprint4.Task7.V20.Test\Tyuiu.FrankoVA.Sprint4.Task7.V20.Test.csproj", "{0CC01083-950F-4F0E-BA37-DA070E3B04EA}"
EndProject
Global
	GlobalSection(SolutionConfigurationPlatforms) = preSolution
		Debug|Any CPU = Debug|Any CPU
		Release|Any CPU = Release|Any CPU
	EndGlobalSection
	GlobalSection(ProjectConfigurationPlatforms) = postSolution
		{BAED5A22-A53A-495F-85CD-AA9E8ABF35CA}.Debug|Any CPU.ActiveCfg = Debug|Any CPU
		{BAED5A22-A53A-495F-85CD-AA9E8ABF35CA}.Debug|Any CPU.Build.0 = Debug|Any CPU
		{BAED5A22-A53A-495F-85CD-AA9E8ABF35CA}.Release|Any CPU.ActiveCfg = Release|Any CPU
		{BAED5A22-A53A-495F-85CD-AA9E8ABF35CA}.Release|Any CPU.Build.0 = Release|Any CPU
		{1FE5B391-2640-4FD1-9D74-4C114962EF8B}.Debug|Any CPU.ActiveCfg = Debug|Any CPU
		{1FE5B391-2640-4FD1-9D74-4C114962EF8B}.Debug|Any CPU.Build.0 = Debug|Any CPU
		{1FE5B391-2640-4FD1-9D74-4C114962EF8B}.Release|Any CPU.ActiveCfg = Release|Any CPU
		{1FE5B391-2640-4FD1-9D74-4C114962EF8B}.Release|Any CPU.Build.0 = Release|Any CPU
		{FABBEB07-716C-4238-B2A2-4FDA64315DC8}.Debug|Any CPU.ActiveCfg = Debug|Any CPU
		{FABBEB07-716C-4238-B2A2-4FDA64315DC8}.Debug|Any CPU.Build.0 = Debug|Any CPU
		{FABBEB07-716C-4238-B2A2-4FDA64315DC8}.Release|Any CPU.ActiveCfg = Release|Any CPU
		{FABBEB07-716C-4238-B2A2-4FDA64315DC8}.Release|Any CPU.Build.0 = Release|Any CPU
		{0D3AA942-29C3-4BEE-86DF-D52A979AE6C7}.Debug|Any CPU.ActiveCfg = Debug|Any CPU
		{0D3AA942-29C3-4BEE-86DF-D52A979AE6C7}.Debug|Any CPU.Build.0 = Debug|Any CPU
		{0D3AA942-29C3-4BEE-86DF-D52A979AE6C7}.Release|Any CPU.ActiveCfg = Release|Any CPU
		{0D3AA942-29C3-4BEE-86DF-D52A979AE6C7}.Release|Any CPU.Build.0 = Release|Any CPU
		{685C17CD-E82F-4AA8-85BB-437230DA9CB5}.Debug|Any CPU.ActiveCfg = Debug|Any CPU
		{685C17CD-E82F-4AA8-85BB-437230DA9CB5}.Debug|Any CPU.Build.0 = Debug|Any CPU
		{685C17CD-E82F-4AA8-85BB-437230DA9CB5}.Release|Any CPU.ActiveCfg = Release|Any CPU
		{685C17CD-E82F-4AA8-85BB-437230DA9CB5}.Release|Any CPU.Build.0 = Release|Any CPU
		{87BFF507-B39E-4568-A368-36FC7795F50F}.Debug|Any CPU.ActiveCfg = Debug|Any CPU
		{87BFF507-B39E-4568-A368-36FC7795F50F}.Debug|Any CPU.Build.0 = Debug|Any CPU
		{87BFF507-B39E-4568-A368-36FC7795F50F}.Release|Any CPU.ActiveCfg = Release|Any CPU
		{87BFF507-B39E-4568-A368-36FC7795F50F}.Release|Any CPU.Build.0 = Release|Any CPU
		{12BA3B7F-4678-4E84-B009-CADD7E58F417}.Debug|Any CPU.ActiveCfg = Debug|Any CPU
		{12BA3B7F-4678-4E84-B009-CADD7E58F417}.Debug|Any CPU.Build.0 = Debug|Any CPU
		{12BA3B7F-4678-4E84-B009-CADD7E58F417}.Release|Any CPU.ActiveCfg = Release|Any CPU
		{12BA3B7F-4678-4E84-B009-CADD7E58F417}.Release|Any CPU.Build.0 = Release|Any CPU
		{27040ED3-A9A3-4A93-93BC-1ECEB6098B32}.Debug|Any CPU.ActiveCfg = Debug|Any CPU
		{27040ED3-A9A3-4A93-93BC-1ECEB6098B32}.Debug|Any CPU.Build.0 = Debug|Any CPU
		{27040ED3-A9A3-4A93-93BC-1ECEB6098B32}.Release|Any CPU.ActiveCfg = Release|Any CPU
		{27040ED3-A9A3-4A93-93BC-1ECEB6098B32}.Release|Any CPU.Build.0 = Release|Any CPU
		{E9309757-87E4-479E-ABA7-92E52354A1B7}.Debug|Any CPU.ActiveCfg = Debug|Any CPU
		{E9309757-87E4-479E-ABA7-92E52354A1B7}.Debug|Any CPU.Build.0 = Debug|Any CPU
		{E9309757-87E4-479E-ABA7-92E52354A1B7}.Release|Any CPU.ActiveCfg = Release|Any CPU
		{E9309757-87E4-479E-ABA7-92E52354A1B7}.Release|Any CPU.Build.0 = Release|Any CPU
		{8B922321-A1C5-49D0-89EB-7EB3DC2ADED3}.Debug|Any CPU.ActiveCfg = Debug|Any CPU
		{8B922321-A1C5-49D0-89EB-7EB3DC2ADED3}.Debug|Any CPU.Build.0 = Debug|Any CPU
		{8B922321-A1C5-49D0-89EB-7EB3DC2ADED3}.Release|Any CPU.ActiveCfg = Release|Any CPU
		{8B922321-A1C5-49D0-89EB-7EB3DC2ADED3}.Release|Any CPU.Build.0 = Release|Any CPU
		{802650E9-A9E5-48BC-9893-40E324E30B0F}.Debug|Any CPU.ActiveCfg = Debug|Any CPU
		{802650E9-A9E5-48BC-9893-40E324E30B0F}.Debug|Any CPU.Build.0 = Debug|Any CPU
		{802650E9-A9E5-48BC-9893-40E324E30B0F}.Release|Any CPU.ActiveCfg = Release|Any CPU
		{802650E9-A9E5-48BC-9893-40E324E30B0F}.Release|Any CPU.Build.0 = Release|Any CPU
		{8A17429C-EDE2-48BE-BE09-AEAC9362541A}.Debug|Any CPU.ActiveCfg = Debug|Any CPU
		{8A17429C-EDE2-48BE-BE09-AEAC9362541A}.Debug|Any CPU.Build.0 = Debug|Any CPU
		{8A17429C-EDE2-48BE-BE09-AEAC9362541A}.Release|Any CPU.ActiveCfg = Release|Any CPU
		{8A17429C-EDE2-48BE-BE09-AEAC9362541A}.Release|Any CPU.Build.0 = Release|Any CPU
		{C5E700C4-832B-451F-80A0-92636D119C43}.Debug|Any CPU.ActiveCfg = Debug|Any CPU
		{C5E700C4-832B-451F-80A0-92636D119C43}.Debug|Any CPU.Build.0 = Debug|Any CPU
		{C5E700C4-832B-451F-80A0-92636D119C43}.Release|Any CPU.ActiveCfg = Release|Any CPU
		{C5E700C4-832B-451F-80A0-92636D119C43}.Release|Any CPU.Build.0 = Release|Any CPU
		{5EE0A724-D1BB-4147-8C20-4D5A2E751FB2}.Debug|Any CPU.ActiveCfg = Debug|Any CPU
		{5EE0A724-D1BB-4147-8C20-4D5A2E751FB2}.Debug|Any CPU.Build.0 = Debug|Any CPU
		{5EE0A724-D1BB-4147-8C20-4D5A2E751FB2}.Release|Any CPU.ActiveCfg = Release|Any CPU
		{5EE0A724-D1BB-4147-8C20-4D5A2E751FB2}.Release|Any CPU.Build.0 = Release|Any CPU
		{ED6EAEC7-AAD0-4AD1-ADE0-74F6E43D779E}.Debug|Any CPU.ActiveCfg = Debug|Any CPU
		{ED6EAEC7-AAD0-4AD1-ADE0-74F6E43D779E}.Debug|Any CPU.Build.0 = Debug|Any CPU
		{ED6EAEC7-AAD0-4AD1-ADE0-74F6E43D779E}.Release|Any CPU.ActiveCfg = Release|Any CPU
		{ED6EAEC7-AAD0-4AD1-ADE0-74F6E43D779E}.Release|Any CPU.Build.0 = Release|Any CPU
		{CEB98352-DA15-4D96-B84F-54EF7419C2F8}.Debug|Any CPU.ActiveCfg = Debug|Any CPU
		{CEB98352-DA15-4D96-B84F-54EF7419C2F8}.Debug|Any CPU.Build.0 = Debug|Any CPU
		{CEB98352-DA15-4D96-B84F-54EF7419C2F8}.Release|Any CPU.ActiveCfg = Release|Any CPU
		{CEB98352-DA15-4D96-B84F-54EF7419C2F8}.Release|Any CPU.Build.0 = Release|Any CPU
		{9FC7F8A3-32CC-4A7C-B30B-F6F7BC38AB5B}.Debug|Any CPU.ActiveCfg = Debug|Any CPU
		{9FC7F8A3-32CC-4A7C-B30B-F6F7BC38AB5B}.Debug|Any CPU.Build.0 = Debug|Any CPU
		{9FC7F8A3-32CC-4A7C-B30B-F6F7BC38AB5B}.Release|Any CPU.ActiveCfg = Release|Any CPU
		{9FC7F8A3-32CC-4A7C-B30B-F6F7BC38AB5B}.Release|Any CPU.Build.0 = Release|Any CPU
		{11AD00DD-195A-423A-98FF-C42A4DF0E442}.Debug|Any CPU.ActiveCfg = Debug|Any CPU
		{11AD00DD-195A-423A-98FF-C42A4DF0E442}.Debug|Any CPU.Build.0 = Debug|Any CPU
		{11AD00DD-195A-423A-98FF-C42A4DF0E442}.Release|Any CPU.ActiveCfg = Release|Any CPU
		{11AD00DD-195A-423A-98FF-C42A4DF0E442}.Release|Any CPU.Build.0 = Release|Any CPU
		{426EDB16-47E0-460F-B483-CB3EF3519747}.Debug|Any CPU.ActiveCfg = Debug|Any CPU
		{426EDB16-47E0-460F-B483-CB3EF3519747}.Debug|Any CPU.Build.0 = Debug|Any CPU
		{426EDB16-47E0-460F-B483-CB3EF3519747}.Release|Any CPU.ActiveCfg = Release|Any CPU
		{426EDB16-47E0-460F-B483-CB3EF3519747}.Release|Any CPU.Build.0 = Release|Any CPU
		{36EBBA4E-3E1A-4805-9FC3-8C93951EBA18}.Debug|Any CPU.ActiveCfg = Debug|Any CPU
		{36EBBA4E-3E1A-4805-9FC3-8C93951EBA18}.Debug|Any CPU.Build.0 = Debug|Any CPU
		{36EBBA4E-3E1A-4805-9FC3-8C93951EBA18}.Release|Any CPU.ActiveCfg = Release|Any CPU
		{36EBBA4E-3E1A-4805-9FC3-8C93951EBA18}.Release|Any CPU.Build.0 = Release|Any CPU
		{E86668A2-240A-42E8-AD1E-8886563316AE}.Debug|Any CPU.ActiveCfg = Debug|Any CPU
		{E86668A2-240A-42E8-AD1E-8886563316AE}.Debug|Any CPU.Build.0 = Debug|Any CPU
		{E86668A2-240A-42E8-AD1E-8886563316AE}.Release|Any CPU.ActiveCfg = Release|Any CPU
		{E86668A2-240A-42E8-AD1E-8886563316AE}.Release|Any CPU.Build.0 = Release|Any CPU
		{65E0FBA4-17F0-4669-81D9-1A99F77711B3}.Debug|Any CPU.ActiveCfg = Debug|Any CPU
		{65E0FBA4-17F0-4669-81D9-1A99F77711B3}.Debug|Any CPU.Build.0 = Debug|Any CPU
		{65E0FBA4-17F0-4669-81D9-1A99F77711B3}.Release|Any CPU.ActiveCfg = Release|Any CPU
		{65E0FBA4-17F0-4669-81D9-1A99F77711B3}.Release|Any CPU.Build.0 = Release|Any CPU
		{C61649E0-C1D9-4999-A4C5-DF9FDBC64EB6}.Debug|Any CPU.ActiveCfg = Debug|Any CPU
		{C61649E0-C1D9-4999-A4C5-DF9FDBC64EB6}.Debug|Any CPU.Build.0 = Debug|Any CPU
		{C61649E0-C1D9-4999-A4C5-DF9FDBC64EB6}.Release|Any CPU.ActiveCfg = Release|Any CPU
		{C61649E0-C1D9-4999-A4C5-DF9FDBC64EB6}.Release|Any CPU.Build.0 = Release|Any CPU
		{0CC01083-950F-4F0E-BA37-DA070E3B04EA}.Debug|Any CPU.ActiveCfg = Debug|Any CPU
		{0CC01083-950F-4F0E-BA37-DA070E3B04EA}.Debug|Any CPU.Build.0 = Debug|Any CPU
		{0CC01083-950F-4F0E-BA37-DA070E3B04EA}.Release|Any CPU.ActiveCfg = Release|Any CPU
		{0CC01083-950F-4F0E-BA37-DA070E3B04EA}.Release|Any CPU.Build.0 = Release|Any CPU
	EndGlobalSection
	GlobalSection(SolutionProperties) = preSolution
		HideSolutionNode = FALSE
	EndGlobalSection
	GlobalSection(NestedProjects) = preSolution
		{BAED5A22-A53A-495F-85CD-AA9E8ABF35CA} = {BF44CD36-B500-4A40-A004-085302CEA5F9}
		{1FE5B391-2640-4FD1-9D74-4C114962EF8B} = {BF44CD36-B500-4A40-A004-085302CEA5F9}
		{FABBEB07-716C-4238-B2A2-4FDA64315DC8} = {BF44CD36-B500-4A40-A004-085302CEA5F9}
		{0D3AA942-29C3-4BEE-86DF-D52A979AE6C7} = {A012C111-BD21-4D74-B1B4-6FD717D09880}
		{685C17CD-E82F-4AA8-85BB-437230DA9CB5} = {A012C111-BD21-4D74-B1B4-6FD717D09880}
		{87BFF507-B39E-4568-A368-36FC7795F50F} = {A012C111-BD21-4D74-B1B4-6FD717D09880}
		{12BA3B7F-4678-4E84-B009-CADD7E58F417} = {FB3BA272-A2A2-4E8C-93A6-3CE0F9889B1C}
		{27040ED3-A9A3-4A93-93BC-1ECEB6098B32} = {FB3BA272-A2A2-4E8C-93A6-3CE0F9889B1C}
		{E9309757-87E4-479E-ABA7-92E52354A1B7} = {FB3BA272-A2A2-4E8C-93A6-3CE0F9889B1C}
		{8B922321-A1C5-49D0-89EB-7EB3DC2ADED3} = {8C805888-8B57-43E8-940C-70E3878426FD}
		{802650E9-A9E5-48BC-9893-40E324E30B0F} = {8C805888-8B57-43E8-940C-70E3878426FD}
		{8A17429C-EDE2-48BE-BE09-AEAC9362541A} = {8C805888-8B57-43E8-940C-70E3878426FD}
		{C5E700C4-832B-451F-80A0-92636D119C43} = {B08568AD-1CA1-4173-8694-BB93774B193E}
		{5EE0A724-D1BB-4147-8C20-4D5A2E751FB2} = {B08568AD-1CA1-4173-8694-BB93774B193E}
		{ED6EAEC7-AAD0-4AD1-ADE0-74F6E43D779E} = {B08568AD-1CA1-4173-8694-BB93774B193E}
		{CEB98352-DA15-4D96-B84F-54EF7419C2F8} = {F53C7DB1-0B95-43DB-A6E8-A3935078E283}
		{9FC7F8A3-32CC-4A7C-B30B-F6F7BC38AB5B} = {F53C7DB1-0B95-43DB-A6E8-A3935078E283}
		{11AD00DD-195A-423A-98FF-C42A4DF0E442} = {F53C7DB1-0B95-43DB-A6E8-A3935078E283}
		{426EDB16-47E0-460F-B483-CB3EF3519747} = {7D7876EA-6EAD-4416-9393-8BA4C8F88EB6}
		{36EBBA4E-3E1A-4805-9FC3-8C93951EBA18} = {7D7876EA-6EAD-4416-9393-8BA4C8F88EB6}
		{E86668A2-240A-42E8-AD1E-8886563316AE} = {7D7876EA-6EAD-4416-9393-8BA4C8F88EB6}
		{65E0FBA4-17F0-4669-81D9-1A99F77711B3} = {B8A05BD8-F61A-40F2-8136-D66297B62C71}
		{C61649E0-C1D9-4999-A4C5-DF9FDBC64EB6} = {B8A05BD8-F61A-40F2-8136-D66297B62C71}
		{0CC01083-950F-4F0E-BA37-DA070E3B04EA} = {B8A05BD8-F61A-40F2-8136-D66297B62C71}
	EndGlobalSection
	GlobalSection(ExtensibilityGlobals) = postSolution
		SolutionGuid = {BEAD1575-891B-4386-A64C-5C540E25B11F}
	EndGlobalSection
EndGlobal
